<Solution>
  <Folder Name="/docs/" />
  <Folder Name="/docs/adr/">
    <File Path="../docs/adr/adr-0001-clean-architecture-layering.md" />
    <File Path="../docs/adr/adr-0002-cqrs-with-mediatr.md" />
    <File Path="../docs/adr/adr-0003-single-user-aggregate-role-as-state.md" />
    <File Path="../docs/adr/adr-0004-invitations-lifecycle-expiration-anti-spam.md" />
    <File Path="../docs/adr/adr-0005-domain-events-explicit-dispatcher.md" />
    <File Path="../docs/adr/adr-0006-iusercontext-dev-header-fallback.md" />
    <File Path="../docs/adr/adr-0007-result-model-initial-version.md" />
    <File Path="../docs/adr/adr-0008-time-abstraction-iclock-timeprovider.md" />
    <File Path="../docs/adr/adr-0009-result-error-problemdetails.md" />
    <File Path="../docs/adr/adr-0010-dry-run-confirm-delete-with-tokens.md" />
    <File Path="../docs/adr/adr-0011-global-exception-handling-problemdetails.md" />
    <File Path="../docs/adr/adr-0012-shared-kernel-fitlead-common.md" />
    <File Path="../docs/adr/adr-0013-domain-result-for-expected-failures.md" />
    <File Path="../docs/adr/adr-0014-identity-first-auth-foundation.md" />
    <File Path="../docs/adr/adr-0015-integration-first-testing-strategy.md" />
    <File Path="../docs/adr/adr-0016-internal-identity-service-interim-password-flow.md" />
    <File Path="../docs/adr/README.md" />
  </Folder>
  <Folder Name="/docs/testing/">
    <File Path="../docs/testing/policy.md" />
    <File Path="../docs/testing/master-test-plan.md" />
  </Folder>
  <Folder Name="/tests/">
    <File Path="../tests/README.md" />
    <File Path="../tests/coverage.runsettings" />
    <File Path="../tests/run-coverage.ps1" />
    <Project Path="../tests/FitLead.IntegrationTests/FitLead.IntegrationTests.csproj" />
  </Folder>
  <Project Path="FitLead.Api/FitLead.Api.csproj" />
  <Project Path="FitLead.Application/FitLead.Application.csproj" />
  <Project Path="FitLead.Common/FitLead.Common.csproj" Id="c8d69740-87e1-4941-81f6-1fb8c0757c86" />
  <Project Path="FitLead.Domain/FitLead.Domain.csproj" />
  <Project Path="FitLead.Infrastructure/FitLead.Infrastructure.csproj" />
</Solution>
